
Microsoft Visual Studio Solution File, Format Version 12.00
# Visual Studio Version 17
VisualStudioVersion = 17.8.34330.188
MinimumVisualStudioVersion = 10.0.40219.1
Project("{FAE04EC0-301F-11D3-BF4B-00C04F79EFBC}") = "Auto Optimiser For Windows", "Auto Optimiser For Windows\Auto Optimiser For Windows.csproj", "{BAE41D9F-1A4C-4167-A992-C5ED7B413E3B}"
EndProject
Global
	GlobalSection(SolutionConfigurationPlatforms) = preSolution
		Debug|Any CPU = Debug|Any CPU
		Release|Any CPU = Release|Any CPU
	EndGlobalSection
	GlobalSection(ProjectConfigurationPlatforms) = postSolution
		{BAE41D9F-1A4C-4167-A992-C5ED7B413E3B}.Debug|Any CPU.ActiveCfg = Debug|Any CPU
		{BAE41D9F-1A4C-4167-A992-C5ED7B413E3B}.Debug|Any CPU.Build.0 = Debug|Any CPU
		{BAE41D9F-1A4C-4167-A992-C5ED7B413E3B}.Release|Any CPU.ActiveCfg = Release|Any CPU
		{BAE41D9F-1A4C-4167-A992-C5ED7B413E3B}.Release|Any CPU.Build.0 = Release|Any CPU
	EndGlobalSection
	GlobalSection(SolutionProperties) = preSolution
		HideSolutionNode = FALSE
	EndGlobalSection
	GlobalSection(ExtensibilityGlobals) = postSolution
		SolutionGuid = {CD227181-7CF0-4DE5-A178-26CF43CAC730}
	EndGlobalSection
EndGlobal
